
Microsoft Visual Studio Solution File, Format Version 12.00
# Visual Studio Version 17
VisualStudioVersion = 17.3.32922.545
MinimumVisualStudioVersion = 10.0.40219.1
Project("{9A19103F-16F7-4668-BE54-9A1E7A4F7556}") = "AssignmentNet105", "AssignmentNet105\AssignmentNet105.csproj", "{24EDA162-2DE5-4FA9-8ABA-556395D2BCA7}"
EndProject
Project("{FAE04EC0-301F-11D3-BF4B-00C04F79EFBC}") = "AssignmentNet105_Shared", "AssignmentNet105_Shared\AssignmentNet105_Shared.csproj", "{C70818EA-B5F4-4875-946E-8567FD939049}"
EndProject
Project("{FAE04EC0-301F-11D3-BF4B-00C04F79EFBC}") = "AssignmentNet105_Client", "AssignmentNet105_Client\AssignmentNet105_Client.csproj", "{BA497B81-1C6E-4993-9992-A6115CBD3E51}"
EndProject
Global
	GlobalSection(SolutionConfigurationPlatforms) = preSolution
		Debug|Any CPU = Debug|Any CPU
		Release|Any CPU = Release|Any CPU
	EndGlobalSection
	GlobalSection(ProjectConfigurationPlatforms) = postSolution
		{24EDA162-2DE5-4FA9-8ABA-556395D2BCA7}.Debug|Any CPU.ActiveCfg = Debug|Any CPU
		{24EDA162-2DE5-4FA9-8ABA-556395D2BCA7}.Debug|Any CPU.Build.0 = Debug|Any CPU
		{24EDA162-2DE5-4FA9-8ABA-556395D2BCA7}.Release|Any CPU.ActiveCfg = Release|Any CPU
		{24EDA162-2DE5-4FA9-8ABA-556395D2BCA7}.Release|Any CPU.Build.0 = Release|Any CPU
		{C70818EA-B5F4-4875-946E-8567FD939049}.Debug|Any CPU.ActiveCfg = Debug|Any CPU
		{C70818EA-B5F4-4875-946E-8567FD939049}.Debug|Any CPU.Build.0 = Debug|Any CPU
		{C70818EA-B5F4-4875-946E-8567FD939049}.Release|Any CPU.ActiveCfg = Release|Any CPU
		{C70818EA-B5F4-4875-946E-8567FD939049}.Release|Any CPU.Build.0 = Release|Any CPU
		{BA497B81-1C6E-4993-9992-A6115CBD3E51}.Debug|Any CPU.ActiveCfg = Debug|Any CPU
		{BA497B81-1C6E-4993-9992-A6115CBD3E51}.Debug|Any CPU.Build.0 = Debug|Any CPU
		{BA497B81-1C6E-4993-9992-A6115CBD3E51}.Release|Any CPU.ActiveCfg = Release|Any CPU
		{BA497B81-1C6E-4993-9992-A6115CBD3E51}.Release|Any CPU.Build.0 = Release|Any CPU
	EndGlobalSection
	GlobalSection(SolutionProperties) = preSolution
		HideSolutionNode = FALSE
	EndGlobalSection
	GlobalSection(ExtensibilityGlobals) = postSolution
		SolutionGuid = {37470CA0-10D0-4279-9F60-10103A1F64FA}
	EndGlobalSection
EndGlobal
